
Microsoft Visual Studio Solution File, Format Version 12.00
# Visual Studio Version 17
VisualStudioVersion = 17.7.34024.191
MinimumVisualStudioVersion = 10.0.40219.1
Project("{8BC9CEB8-8B4A-11D0-8D11-00A0C91BC942}") = "defaultSalter&Hasher", "defaultSalter&Hasher\defaultSalter&Hasher.vcxproj", "{EAC38080-07B9-4EFA-B820-1A35F1DE319E}"
EndProject
Global
	GlobalSection(SolutionConfigurationPlatforms) = preSolution
		Debug|x64 = Debug|x64
		Debug|x86 = Debug|x86
		Release|x64 = Release|x64
		Release|x86 = Release|x86
	EndGlobalSection
	GlobalSection(ProjectConfigurationPlatforms) = postSolution
		{EAC38080-07B9-4EFA-B820-1A35F1DE319E}.Debug|x64.ActiveCfg = Debug|x64
		{EAC38080-07B9-4EFA-B820-1A35F1DE319E}.Debug|x64.Build.0 = Debug|x64
		{EAC38080-07B9-4EFA-B820-1A35F1DE319E}.Debug|x86.ActiveCfg = Debug|Win32
		{EAC38080-07B9-4EFA-B820-1A35F1DE319E}.Debug|x86.Build.0 = Debug|Win32
		{EAC38080-07B9-4EFA-B820-1A35F1DE319E}.Release|x64.ActiveCfg = Release|x64
		{EAC38080-07B9-4EFA-B820-1A35F1DE319E}.Release|x64.Build.0 = Release|x64
		{EAC38080-07B9-4EFA-B820-1A35F1DE319E}.Release|x86.ActiveCfg = Release|Win32
		{EAC38080-07B9-4EFA-B820-1A35F1DE319E}.Release|x86.Build.0 = Release|Win32
	EndGlobalSection
	GlobalSection(SolutionProperties) = preSolution
		HideSolutionNode = FALSE
	EndGlobalSection
	GlobalSection(ExtensibilityGlobals) = postSolution
		SolutionGuid = {6A66BB08-DE79-4B75-B8BE-794733C38862}
	EndGlobalSection
EndGlobal
